lockfileVersion: '9.0'

settings:
  autoInstallPeers: true
  excludeLinksFromLockfile: false

importers:

  .:
    dependencies:
      '@bsv/sdk':
        specifier: 2.5.0
        version: 2.5.0

packages:

  '@bsv/sdk@2.5.0':
    resolution: {integrity: sha512-Y1j9iEjpcY09Jvr3HcoXQO2dhn/qEAHsEi+S/yqvu/hwkx2OdH+UlFbEE4na97lNO0UzrIUYFZIL7FJxUSje2w==}
    engines: {node: '>=22'}

snapshots:

  '@bsv/sdk@2.5.0': {}
